// !$*UTF8*$!
{
	archiveVersion = 1;
	classes = {
	};
	objectVersion = 46;
	objects = {

/* Begin PBXBuildFile section */
		5E2D7BFC1CC480BE00A8412B /* WPAppDelegate.swift in Sources */ = {isa = PBXBuildFile; fileRef = 5E2D7BFB1CC480BE00A8412B /* WPAppDelegate.swift */; };
		5E2D7C011CC480BE00A8412B /* Main.storyboard in Resources */ = {isa = PBXBuildFile; fileRef = 5E2D7BFF1CC480BE00A8412B /* Main.storyboard */; };
		5E2D7C031CC480BE00A8412B /* Assets.xcassets in Resources */ = {isa = PBXBuildFile; fileRef = 5E2D7C021CC480BE00A8412B /* Assets.xcassets */; };
		5E2D7C061CC480BE00A8412B /* LaunchScreen.storyboard in Resources */ = {isa = PBXBuildFile; fileRef = 5E2D7C041CC480BE00A8412B /* LaunchScreen.storyboard */; };
		5E2D7C0E1CC483EF00A8412B /* WPLoginOrRegisterVC.swift in Sources */ = {isa = PBXBuildFile; fileRef = 5E2D7C0D1CC483EF00A8412B /* WPLoginOrRegisterVC.swift */; };
		5E2D7C101CC4846000A8412B /* WPPlanMainVC.swift in Sources */ = {isa = PBXBuildFile; fileRef = 5E2D7C0F1CC4846000A8412B /* WPPlanMainVC.swift */; };
		5E2D7C121CC4849E00A8412B /* WPProjectPlanVC.swift in Sources */ = {isa = PBXBuildFile; fileRef = 5E2D7C111CC4849E00A8412B /* WPProjectPlanVC.swift */; };
		5E2D7C141CC484B400A8412B /* WPPersonPlanVC.swift in Sources */ = {isa = PBXBuildFile; fileRef = 5E2D7C131CC484B400A8412B /* WPPersonPlanVC.swift */; };
		5E2D7C161CC484CB00A8412B /* WPMineVC.swift in Sources */ = {isa = PBXBuildFile; fileRef = 5E2D7C151CC484CB00A8412B /* WPMineVC.swift */; };
		5E2D7C181CC484D200A8412B /* WPSettingVC.swift in Sources */ = {isa = PBXBuildFile; fileRef = 5E2D7C171CC484D200A8412B /* WPSettingVC.swift */; };
		5E2D7C1A1CC484E800A8412B /* WPChangePlanBaseVC.swift in Sources */ = {isa = PBXBuildFile; fileRef = 5E2D7C191CC484E800A8412B /* WPChangePlanBaseVC.swift */; };
		5E2D7C1C1CC4850400A8412B /* WPAddNewPlanVC.swift in Sources */ = {isa = PBXBuildFile; fileRef = 5E2D7C1B1CC4850400A8412B /* WPAddNewPlanVC.swift */; };
		5E2D7C1E1CC4851100A8412B /* WPEditPlanVC.swift in Sources */ = {isa = PBXBuildFile; fileRef = 5E2D7C1D1CC4851100A8412B /* WPEditPlanVC.swift */; };
		5E6A87A01CC4E6A10001F04B /* WPPlanCell.swift in Sources */ = {isa = PBXBuildFile; fileRef = 5E6A879E1CC4E6A10001F04B /* WPPlanCell.swift */; };
		5E6A87A11CC4E6A10001F04B /* WPPlanCell.xib in Resources */ = {isa = PBXBuildFile; fileRef = 5E6A879F1CC4E6A10001F04B /* WPPlanCell.xib */; };
		5E6A87A31CC4EB6D0001F04B /* WPPlanModel.swift in Sources */ = {isa = PBXBuildFile; fileRef = 5E6A87A21CC4EB6D0001F04B /* WPPlanModel.swift */; };
		5E6A87A51CC4EB8F0001F04B /* WPTaskModel.swift in Sources */ = {isa = PBXBuildFile; fileRef = 5E6A87A41CC4EB8F0001F04B /* WPTaskModel.swift */; };
		5E6A87A71CC4F8760001F04B /* testTableViewVCTableViewController.swift in Sources */ = {isa = PBXBuildFile; fileRef = 5E6A87A61CC4F8760001F04B /* testTableViewVCTableViewController.swift */; };
/* End PBXBuildFile section */

/* Begin PBXFileReference section */
		5E2D7BF81CC480BE00A8412B /* WorkPlan.app */ = {isa = PBXFileReference; explicitFileType = wrapper.application; includeInIndex = 0; path = WorkPlan.app; sourceTree = BUILT_PRODUCTS_DIR; };
		5E2D7BFB1CC480BE00A8412B /* WPAppDelegate.swift */ = {isa = PBXFileReference; lastKnownFileType = sourcecode.swift; path = WPAppDelegate.swift; sourceTree = "<group>"; };
		5E2D7C001CC480BE00A8412B /* Base */ = {isa = PBXFileReference; lastKnownFileType = file.storyboard; name = Base; path = Base.lproj/Main.storyboard; sourceTree = "<group>"; };
		5E2D7C021CC480BE00A8412B /* Assets.xcassets */ = {isa = PBXFileReference; lastKnownFileType = folder.assetcatalog; path = Assets.xcassets; sourceTree = "<group>"; };
		5E2D7C051CC480BE00A8412B /* Base */ = {isa = PBXFileReference; lastKnownFileType = file.storyboard; name = Base; path = Base.lproj/LaunchScreen.storyboard; sourceTree = "<group>"; };
		5E2D7C071CC480BE00A8412B /* Info.plist */ = {isa = PBXFileReference; lastKnownFileType = text.plist.xml; path = Info.plist; sourceTree = "<group>"; };
		5E2D7C0D1CC483EF00A8412B /* WPLoginOrRegisterVC.swift */ = {isa = PBXFileReference; fileEncoding = 4; lastKnownFileType = sourcecode.swift; path = WPLoginOrRegisterVC.swift; sourceTree = "<group>"; };
		5E2D7C0F1CC4846000A8412B /* WPPlanMainVC.swift */ = {isa = PBXFileReference; fileEncoding = 4; lastKnownFileType = sourcecode.swift; path = WPPlanMainVC.swift; sourceTree = "<group>"; };
		5E2D7C111CC4849E00A8412B /* WPProjectPlanVC.swift */ = {isa = PBXFileReference; fileEncoding = 4; lastKnownFileType = sourcecode.swift; path = WPProjectPlanVC.swift; sourceTree = "<group>"; };
		5E2D7C131CC484B400A8412B /* WPPersonPlanVC.swift */ = {isa = PBXFileReference; fileEncoding = 4; lastKnownFileType = sourcecode.swift; path = WPPersonPlanVC.swift; sourceTree = "<group>"; };
		5E2D7C151CC484CB00A8412B /* WPMineVC.swift */ = {isa = PBXFileReference; fileEncoding = 4; lastKnownFileType = sourcecode.swift; path = WPMineVC.swift; sourceTree = "<group>"; };
		5E2D7C171CC484D200A8412B /* WPSettingVC.swift */ = {isa = PBXFileReference; fileEncoding = 4; lastKnownFileType = sourcecode.swift; path = WPSettingVC.swift; sourceTree = "<group>"; };
		5E2D7C191CC484E800A8412B /* WPChangePlanBaseVC.swift */ = {isa = PBXFileReference; fileEncoding = 4; lastKnownFileType = sourcecode.swift; path = WPChangePlanBaseVC.swift; sourceTree = "<group>"; };
		5E2D7C1B1CC4850400A8412B /* WPAddNewPlanVC.swift */ = {isa = PBXFileReference; fileEncoding = 4; lastKnownFileType = sourcecode.swift; path = WPAddNewPlanVC.swift; sourceTree = "<group>"; };
		5E2D7C1D1CC4851100A8412B /* WPEditPlanVC.swift */ = {isa = PBXFileReference; fileEncoding = 4; lastKnownFileType = sourcecode.swift; path = WPEditPlanVC.swift; sourceTree = "<group>"; };
		5E6A879E1CC4E6A10001F04B /* WPPlanCell.swift */ = {isa = PBXFileReference; fileEncoding = 4; lastKnownFileType = sourcecode.swift; path = WPPlanCell.swift; sourceTree = "<group>"; };
		5E6A879F1CC4E6A10001F04B /* WPPlanCell.xib */ = {isa = PBXFileReference; fileEncoding = 4; lastKnownFileType = file.xib; path = WPPlanCell.xib; sourceTree = "<group>"; };
		5E6A87A21CC4EB6D0001F04B /* WPPlanModel.swift */ = {isa = PBXFileReference; fileEncoding = 4; lastKnownFileType = sourcecode.swift; path = WPPlanModel.swift; sourceTree = "<group>"; };
		5E6A87A41CC4EB8F0001F04B /* WPTaskModel.swift */ = {isa = PBXFileReference; fileEncoding = 4; lastKnownFileType = sourcecode.swift; path = WPTaskModel.swift; sourceTree = "<group>"; };
		5E6A87A61CC4F8760001F04B /* testTableViewVCTableViewController.swift */ = {isa = PBXFileReference; fileEncoding = 4; lastKnownFileType = sourcecode.swift; path = testTableViewVCTableViewController.swift; sourceTree = "<group>"; };
/* End PBXFileReference section */

/* Begin PBXFrameworksBuildPhase section */
		5E2D7BF51CC480BE00A8412B /* Frameworks */ = {
			isa = PBXFrameworksBuildPhase;
			buildActionMask = 2147483647;
			files = (
			);
			runOnlyForDeploymentPostprocessing = 0;
		};
/* End PBXFrameworksBuildPhase section */

/* Begin PBXGroup section */
		5E2D7BEF1CC480BE00A8412B = {
			isa = PBXGroup;
			children = (
				5E2D7BFA1CC480BE00A8412B /* WorkPlan */,
				5E2D7BF91CC480BE00A8412B /* Products */,
			);
			sourceTree = "<group>";
		};
		5E2D7BF91CC480BE00A8412B /* Products */ = {
			isa = PBXGroup;
			children = (
				5E2D7BF81CC480BE00A8412B /* WorkPlan.app */,
			);
			name = Products;
			sourceTree = "<group>";
		};
		5E2D7BFA1CC480BE00A8412B /* WorkPlan */ = {
			isa = PBXGroup;
			children = (
				5E2D7BFB1CC480BE00A8412B /* WPAppDelegate.swift */,
				5E2D7C221CC4858100A8412B /* View */,
				5E2D7C211CC4857C00A8412B /* Cell */,
				5E2D7C201CC4856F00A8412B /* Model */,
				5E2D7C1F1CC4855200A8412B /* ViewController */,
				5E2D7BFF1CC480BE00A8412B /* Main.storyboard */,
				5E2D7C021CC480BE00A8412B /* Assets.xcassets */,
				5E2D7C041CC480BE00A8412B /* LaunchScreen.storyboard */,
				5E2D7C071CC480BE00A8412B /* Info.plist */,
			);
			path = WorkPlan;
			sourceTree = "<group>";
		};
		5E2D7C1F1CC4855200A8412B /* ViewController */ = {
			isa = PBXGroup;
			children = (
				5E2D7C0D1CC483EF00A8412B /* WPLoginOrRegisterVC.swift */,
				5E2D7C0F1CC4846000A8412B /* WPPlanMainVC.swift */,
				5E2D7C111CC4849E00A8412B /* WPProjectPlanVC.swift */,
				5E2D7C131CC484B400A8412B /* WPPersonPlanVC.swift */,
				5E2D7C151CC484CB00A8412B /* WPMineVC.swift */,
				5E2D7C171CC484D200A8412B /* WPSettingVC.swift */,
				5E2D7C191CC484E800A8412B /* WPChangePlanBaseVC.swift */,
				5E2D7C1B1CC4850400A8412B /* WPAddNewPlanVC.swift */,
				5E2D7C1D1CC4851100A8412B /* WPEditPlanVC.swift */,
				5E6A87A61CC4F8760001F04B /* testTableViewVCTableViewController.swift */,
			);
			name = ViewController;
			sourceTree = "<group>";
		};
		5E2D7C201CC4856F00A8412B /* Model */ = {
			isa = PBXGroup;
			children = (
				5E6A87A21CC4EB6D0001F04B /* WPPlanModel.swift */,
				5E6A87A41CC4EB8F0001F04B /* WPTaskModel.swift */,
			);
			name = Model;
			sourceTree = "<group>";
		};
		5E2D7C211CC4857C00A8412B /* Cell */ = {
			isa = PBXGroup;
			children = (
				5E6A879E1CC4E6A10001F04B /* WPPlanCell.swift */,
				5E6A879F1CC4E6A10001F04B /* WPPlanCell.xib */,
			);
			name = Cell;
			sourceTree = "<group>";
		};
		5E2D7C221CC4858100A8412B /* View */ = {
			isa = PBXGroup;
			children = (
			);
			name = View;
			sourceTree = "<group>";
		};
/* End PBXGroup section */

/* Begin PBXNativeTarget section */
		5E2D7BF71CC480BE00A8412B /* WorkPlan */ = {
			isa = PBXNativeTarget;
			buildConfigurationList = 5E2D7C0A1CC480BE00A8412B /* Build configuration list for PBXNativeTarget "WorkPlan" */;
			buildPhases = (
				5E2D7BF41CC480BE00A8412B /* Sources */,
				5E2D7BF51CC480BE00A8412B /* Frameworks */,
				5E2D7BF61CC480BE00A8412B /* Resources */,
			);
			buildRules = (
			);
			dependencies = (
			);
			name = WorkPlan;
			productName = WorkPlan;
			productReference = 5E2D7BF81CC480BE00A8412B /* WorkPlan.app */;
			productType = "com.apple.product-type.application";
		};
/* End PBXNativeTarget section */

/* Begin PBXProject section */
		5E2D7BF01CC480BE00A8412B /* Project object */ = {
			isa = PBXProject;
			attributes = {
				CLASSPREFIX = WP;
				LastSwiftUpdateCheck = 0720;
				LastUpgradeCheck = 0720;
				ORGANIZATIONNAME = "张可可";
				TargetAttributes = {
					5E2D7BF71CC480BE00A8412B = {
						CreatedOnToolsVersion = 7.2;
					};
				};
			};
			buildConfigurationList = 5E2D7BF31CC480BE00A8412B /* Build configuration list for PBXProject "WorkPlan" */;
			compatibilityVersion = "Xcode 3.2";
			developmentRegion = English;
			hasScannedForEncodings = 0;
			knownRegions = (
				en,
				Base,
			);
			mainGroup = 5E2D7BEF1CC480BE00A8412B;
			productRefGroup = 5E2D7BF91CC480BE00A8412B /* Products */;
			projectDirPath = "";
			projectRoot = "";
			targets = (
				5E2D7BF71CC480BE00A8412B /* WorkPlan */,
			);
		};
/* End PBXProject section */

/* Begin PBXResourcesBuildPhase section */
		5E2D7BF61CC480BE00A8412B /* Resources */ = {
			isa = PBXResourcesBuildPhase;
			buildActionMask = 2147483647;
			files = (
				5E2D7C061CC480BE00A8412B /* LaunchScreen.storyboard in Resources */,
				5E6A87A11CC4E6A10001F04B /* WPPlanCell.xib in Resources */,
				5E2D7C031CC480BE00A8412B /* Assets.xcassets in Resources */,
				5E2D7C011CC480BE00A8412B /* Main.storyboard in Resources */,
			);
			runOnlyForDeploymentPostprocessing = 0;
		};
/* End PBXResourcesBuildPhase section */

/* Begin PBXSourcesBuildPhase section */
		5E2D7BF41CC480BE00A8412B /* Sources */ = {
			isa = PBXSourcesBuildPhase;
			buildActionMask = 2147483647;
			files = (
				5E2D7C141CC484B400A8412B /* WPPersonPlanVC.swift in Sources */,
				5E2D7C0E1CC483EF00A8412B /* WPLoginOrRegisterVC.swift in Sources */,
				5E2D7C1E1CC4851100A8412B /* WPEditPlanVC.swift in Sources */,
				5E2D7C1C1CC4850400A8412B /* WPAddNewPlanVC.swift in Sources */,
				5E6A87A71CC4F8760001F04B /* testTableViewVCTableViewController.swift in Sources */,
				5E2D7C181CC484D200A8412B /* WPSettingVC.swift in Sources */,
				5E2D7C161CC484CB00A8412B /* WPMineVC.swift in Sources */,
				5E2D7C101CC4846000A8412B /* WPPlanMainVC.swift in Sources */,
				5E6A87A31CC4EB6D0001F04B /* WPPlanModel.swift in Sources */,
				5E6A87A51CC4EB8F0001F04B /* WPTaskModel.swift in Sources */,
				5E2D7C121CC4849E00A8412B /* WPProjectPlanVC.swift in Sources */,
				5E2D7BFC1CC480BE00A8412B /* WPAppDelegate.swift in Sources */,
				5E2D7C1A1CC484E800A8412B /* WPChangePlanBaseVC.swift in Sources */,
				5E6A87A01CC4E6A10001F04B /* WPPlanCell.swift in Sources */,
			);
			runOnlyForDeploymentPostprocessing = 0;
		};
/* End PBXSourcesBuildPhase section */

/* Begin PBXVariantGroup section */
		5E2D7BFF1CC480BE00A8412B /* Main.storyboard */ = {
			isa = PBXVariantGroup;
			children = (
				5E2D7C001CC480BE00A8412B /* Base */,
			);
			name = Main.storyboard;
			sourceTree = "<group>";
		};
		5E2D7C041CC480BE00A8412B /* LaunchScreen.storyboard */ = {
			isa = PBXVariantGroup;
			children = (
				5E2D7C051CC480BE00A8412B /* Base */,
			);
			name = LaunchScreen.storyboard;
			sourceTree = "<group>";
		};
/* End PBXVariantGroup section */

/* Begin XCBuildConfiguration section */
		5E2D7C081CC480BE00A8412B /* Debug */ = {
			isa = XCBuildConfiguration;
			buildSettings = {
				ALWAYS_SEARCH_USER_PATHS = NO;
				CLANG_CXX_LANGUAGE_STANDARD = "gnu++0x";
				CLANG_CXX_LIBRARY = "libc++";
				CLANG_ENABLE_MODULES = YES;
				CLANG_ENABLE_OBJC_ARC = YES;
				CLANG_WARN_BOOL_CONVERSION = YES;
				CLANG_WARN_CONSTANT_CONVERSION = YES;
				CLANG_WARN_DIRECT_OBJC_ISA_USAGE = YES_ERROR;
				CLANG_WARN_EMPTY_BODY = YES;
				CLANG_WARN_ENUM_CONVERSION = YES;
				CLANG_WARN_INT_CONVERSION = YES;
				CLANG_WARN_OBJC_ROOT_CLASS = YES_ERROR;
				CLANG_WARN_UNREACHABLE_CODE = YES;
				CLANG_WARN__DUPLICATE_METHOD_MATCH = YES;
				"CODE_SIGN_IDENTITY[sdk=iphoneos*]" = "iPhone Developer";
				COPY_PHASE_STRIP = NO;
				DEBUG_INFORMATION_FORMAT = dwarf;
				ENABLE_STRICT_OBJC_MSGSEND = YES;
				ENABLE_TESTABILITY = YES;
				GCC_C_LANGUAGE_STANDARD = gnu99;
				GCC_DYNAMIC_NO_PIC = NO;
				GCC_NO_COMMON_BLOCKS = YES;
				GCC_OPTIMIZATION_LEVEL = 0;
				GCC_PREPROCESSOR_DEFINITIONS = (
					"DEBUG=1",
					"$(inherited)",
				);
				GCC_WARN_64_TO_32_BIT_CONVERSION = YES;
				GCC_WARN_ABOUT_RETURN_TYPE = YES_ERROR;
				GCC_WARN_UNDECLARED_SELECTOR = YES;
				GCC_WARN_UNINITIALIZED_AUTOS = YES_AGGRESSIVE;
				GCC_WARN_UNUSED_FUNCTION = YES;
				GCC_WARN_UNUSED_VARIABLE = YES;
				IPHONEOS_DEPLOYMENT_TARGET = 9.2;
				MTL_ENABLE_DEBUG_INFO = YES;
				ONLY_ACTIVE_ARCH = YES;
				SDKROOT = iphoneos;
				SWIFT_OPTIMIZATION_LEVEL = "-Onone";
			};
			name = Debug;
		};
		5E2D7C091CC480BE00A8412B /* Release */ = {
			isa = XCBuildConfiguration;
			buildSettings = {
				ALWAYS_SEARCH_USER_PATHS = NO;
				CLANG_CXX_LANGUAGE_STANDARD = "gnu++0x";
				CLANG_CXX_LIBRARY = "libc++";
				CLANG_ENABLE_MODULES = YES;
				CLANG_ENABLE_OBJC_ARC = YES;
				CLANG_WARN_BOOL_CONVERSION = YES;
				CLANG_WARN_CONSTANT_CONVERSION = YES;
				CLANG_WARN_DIRECT_OBJC_ISA_USAGE = YES_ERROR;
				CLANG_WARN_EMPTY_BODY = YES;
				CLANG_WARN_ENUM_CONVERSION = YES;
				CLANG_WARN_INT_CONVERSION = YES;
				CLANG_WARN_OBJC_ROOT_CLASS = YES_ERROR;
				CLANG_WARN_UNREACHABLE_CODE = YES;
				CLANG_WARN__DUPLICATE_METHOD_MATCH = YES;
				"CODE_SIGN_IDENTITY[sdk=iphoneos*]" = "iPhone Developer";
				COPY_PHASE_STRIP = NO;
				DEBUG_INFORMATION_FORMAT = "dwarf-with-dsym";
				ENABLE_NS_ASSERTIONS = NO;
				ENABLE_STRICT_OBJC_MSGSEND = YES;
				GCC_C_LANGUAGE_STANDARD = gnu99;
				GCC_NO_COMMON_BLOCKS = YES;
				GCC_WARN_64_TO_32_BIT_CONVERSION = YES;
				GCC_WARN_ABOUT_RETURN_TYPE = YES_ERROR;
				GCC_WARN_UNDECLARED_SELECTOR = YES;
				GCC_WARN_UNINITIALIZED_AUTOS = YES_AGGRESSIVE;
				GCC_WARN_UNUSED_FUNCTION = YES;
				GCC_WARN_UNUSED_VARIABLE = YES;
				IPHONEOS_DEPLOYMENT_TARGET = 9.2;
				MTL_ENABLE_DEBUG_INFO = NO;
				SDKROOT = iphoneos;
				VALIDATE_PRODUCT = YES;
			};
			name = Release;
		};
		5E2D7C0B1CC480BE00A8412B /* Debug */ = {
			isa = XCBuildConfiguration;
			buildSettings = {
				ASSETCATALOG_COMPILER_APPICON_NAME = AppIcon;
				INFOPLIST_FILE = WorkPlan/Info.plist;
				LD_RUNPATH_SEARCH_PATHS = "$(inherited) @executable_path/Frameworks";
				PRODUCT_BUNDLE_IDENTIFIER = GuangYu.Hu.WorkPlan;
				PRODUCT_NAME = "$(TARGET_NAME)";
			};
			name = Debug;
		};
		5E2D7C0C1CC480BE00A8412B /* Release */ = {
			isa = XCBuildConfiguration;
			buildSettings = {
				ASSETCATALOG_COMPILER_APPICON_NAME = AppIcon;
				INFOPLIST_FILE = WorkPlan/Info.plist;
				LD_RUNPATH_SEARCH_PATHS = "$(inherited) @executable_path/Frameworks";
				PRODUCT_BUNDLE_IDENTIFIER = GuangYu.Hu.WorkPlan;
				PRODUCT_NAME = "$(TARGET_NAME)";
			};
			name = Release;
		};
/* End XCBuildConfiguration section */

/* Begin XCConfigurationList section */
		5E2D7BF31CC480BE00A8412B /* Build configuration list for PBXProject "WorkPlan" */ = {
			isa = XCConfigurationList;
			buildConfigurations = (
				5E2D7C081CC480BE00A8412B /* Debug */,
				5E2D7C091CC480BE00A8412B /* Release */,
			);
			defaultConfigurationIsVisible = 0;
			defaultConfigurationName = Release;
		};
		5E2D7C0A1CC480BE00A8412B /* Build configuration list for PBXNativeTarget "WorkPlan" */ = {
			isa = XCConfigurationList;
			buildConfigurations = (
				5E2D7C0B1CC480BE00A8412B /* Debug */,
				5E2D7C0C1CC480BE00A8412B /* Release */,
			);
			defaultConfigurationIsVisible = 0;
			defaultConfigurationName = Release;
		};
/* End XCConfigurationList section */
	};
	rootObject = 5E2D7BF01CC480BE00A8412B /* Project object */;
}
